// !$*UTF8*$!
{
	archiveVersion = 1;
	classes = {
	};
	objectVersion = 50;
	objects = {

/* Begin PBXBuildFile section */
		A08D5ACE26935E2C0087E599 /* Model.swift in Sources */ = {isa = PBXBuildFile; fileRef = A08D5ACD26935E2C0087E599 /* Model.swift */; };
		A08D5AD2269360C80087E599 /* MemoListTableViewController.swift in Sources */ = {isa = PBXBuildFile; fileRef = A08D5AD1269360C80087E599 /* MemoListTableViewController.swift */; };
		A0AB545B26934D5200D0FCDB /* AppDelegate.swift in Sources */ = {isa = PBXBuildFile; fileRef = A0AB545A26934D5200D0FCDB /* AppDelegate.swift */; };
		A0AB545D26934D5200D0FCDB /* SceneDelegate.swift in Sources */ = {isa = PBXBuildFile; fileRef = A0AB545C26934D5200D0FCDB /* SceneDelegate.swift */; };
		A0AB546226934D5200D0FCDB /* Main.storyboard in Resources */ = {isa = PBXBuildFile; fileRef = A0AB546026934D5200D0FCDB /* Main.storyboard */; };
		A0AB546526934D5200D0FCDB /* JhMemo.xcdatamodeld in Sources */ = {isa = PBXBuildFile; fileRef = A0AB546326934D5200D0FCDB /* JhMemo.xcdatamodeld */; };
		A0AB546726934D5300D0FCDB /* Assets.xcassets in Resources */ = {isa = PBXBuildFile; fileRef = A0AB546626934D5300D0FCDB /* Assets.xcassets */; };
		A0AB546A26934D5300D0FCDB /* LaunchScreen.storyboard in Resources */ = {isa = PBXBuildFile; fileRef = A0AB546826934D5300D0FCDB /* LaunchScreen.storyboard */; };
/* End PBXBuildFile section */

/* Begin PBXFileReference section */
		A08D5ACD26935E2C0087E599 /* Model.swift */ = {isa = PBXFileReference; lastKnownFileType = sourcecode.swift; path = Model.swift; sourceTree = "<group>"; };
		A08D5AD1269360C80087E599 /* MemoListTableViewController.swift */ = {isa = PBXFileReference; lastKnownFileType = sourcecode.swift; path = MemoListTableViewController.swift; sourceTree = "<group>"; };
		A0AB545726934D5200D0FCDB /* JhMemo.app */ = {isa = PBXFileReference; explicitFileType = wrapper.application; includeInIndex = 0; path = JhMemo.app; sourceTree = BUILT_PRODUCTS_DIR; };
		A0AB545A26934D5200D0FCDB /* AppDelegate.swift */ = {isa = PBXFileReference; lastKnownFileType = sourcecode.swift; path = AppDelegate.swift; sourceTree = "<group>"; };
		A0AB545C26934D5200D0FCDB /* SceneDelegate.swift */ = {isa = PBXFileReference; lastKnownFileType = sourcecode.swift; path = SceneDelegate.swift; sourceTree = "<group>"; };
		A0AB546126934D5200D0FCDB /* Base */ = {isa = PBXFileReference; lastKnownFileType = file.storyboard; name = Base; path = Base.lproj/Main.storyboard; sourceTree = "<group>"; };
		A0AB546426934D5200D0FCDB /* JhMemo.xcdatamodel */ = {isa = PBXFileReference; lastKnownFileType = wrapper.xcdatamodel; path = JhMemo.xcdatamodel; sourceTree = "<group>"; };
		A0AB546626934D5300D0FCDB /* Assets.xcassets */ = {isa = PBXFileReference; lastKnownFileType = folder.assetcatalog; path = Assets.xcassets; sourceTree = "<group>"; };
		A0AB546926934D5300D0FCDB /* Base */ = {isa = PBXFileReference; lastKnownFileType = file.storyboard; name = Base; path = Base.lproj/LaunchScreen.storyboard; sourceTree = "<group>"; };
		A0AB546B26934D5300D0FCDB /* Info.plist */ = {isa = PBXFileReference; lastKnownFileType = text.plist.xml; path = Info.plist; sourceTree = "<group>"; };
/* End PBXFileReference section */

/* Begin PBXFrameworksBuildPhase section */
		A0AB545426934D5200D0FCDB /* Frameworks */ = {
			isa = PBXFrameworksBuildPhase;
			buildActionMask = 2147483647;
			files = (
			);
			runOnlyForDeploymentPostprocessing = 0;
		};
/* End PBXFrameworksBuildPhase section */

/* Begin PBXGroup section */
		A08D5ACC26935E0B0087E599 /* Model */ = {
			isa = PBXGroup;
			children = (
				A08D5ACD26935E2C0087E599 /* Model.swift */,
			);
			path = Model;
			sourceTree = "<group>";
		};
		A0AB544E26934D5200D0FCDB = {
			isa = PBXGroup;
			children = (
				A0AB545926934D5200D0FCDB /* JhMemo */,
				A0AB545826934D5200D0FCDB /* Products */,
			);
			sourceTree = "<group>";
		};
		A0AB545826934D5200D0FCDB /* Products */ = {
			isa = PBXGroup;
			children = (
				A0AB545726934D5200D0FCDB /* JhMemo.app */,
			);
			name = Products;
			sourceTree = "<group>";
		};
		A0AB545926934D5200D0FCDB /* JhMemo */ = {
			isa = PBXGroup;
			children = (
				A08D5ACC26935E0B0087E599 /* Model */,
				A0AB545A26934D5200D0FCDB /* AppDelegate.swift */,
				A0AB545C26934D5200D0FCDB /* SceneDelegate.swift */,
				A0AB546026934D5200D0FCDB /* Main.storyboard */,
				A0AB546626934D5300D0FCDB /* Assets.xcassets */,
				A0AB546B26934D5300D0FCDB /* Info.plist */,
				A0AB546326934D5200D0FCDB /* JhMemo.xcdatamodeld */,
				A08D5AD1269360C80087E599 /* MemoListTableViewController.swift */,
				A0AB546826934D5300D0FCDB /* LaunchScreen.storyboard */,
			);
			path = JhMemo;
			sourceTree = "<group>";
		};
/* End PBXGroup section */

/* Begin PBXNativeTarget section */
		A0AB545626934D5200D0FCDB /* JhMemo */ = {
			isa = PBXNativeTarget;
			buildConfigurationList = A0AB546E26934D5300D0FCDB /* Build configuration list for PBXNativeTarget "JhMemo" */;
			buildPhases = (
				A0AB545326934D5200D0FCDB /* Sources */,
				A0AB545426934D5200D0FCDB /* Frameworks */,
				A0AB545526934D5200D0FCDB /* Resources */,
			);
			buildRules = (
			);
			dependencies = (
			);
			name = JhMemo;
			productName = JhMemo;
			productReference = A0AB545726934D5200D0FCDB /* JhMemo.app */;
			productType = "com.apple.product-type.application";
		};
/* End PBXNativeTarget section */

/* Begin PBXProject section */
		A0AB544F26934D5200D0FCDB /* Project object */ = {
			isa = PBXProject;
			attributes = {
				LastSwiftUpdateCheck = 1250;
				LastUpgradeCheck = 1250;
				TargetAttributes = {
					A0AB545626934D5200D0FCDB = {
						CreatedOnToolsVersion = 12.5;
					};
				};
			};
			buildConfigurationList = A0AB545226934D5200D0FCDB /* Build configuration list for PBXProject "JhMemo" */;
			compatibilityVersion = "Xcode 9.3";
			developmentRegion = en;
			hasScannedForEncodings = 0;
			knownRegions = (
				en,
				Base,
			);
			mainGroup = A0AB544E26934D5200D0FCDB;
			productRefGroup = A0AB545826934D5200D0FCDB /* Products */;
			projectDirPath = "";
			projectRoot = "";
			targets = (
				A0AB545626934D5200D0FCDB /* JhMemo */,
			);
		};
/* End PBXProject section */

/* Begin PBXResourcesBuildPhase section */
		A0AB545526934D5200D0FCDB /* Resources */ = {
			isa = PBXResourcesBuildPhase;
			buildActionMask = 2147483647;
			files = (
				A0AB546A26934D5300D0FCDB /* LaunchScreen.storyboard in Resources */,
				A0AB546726934D5300D0FCDB /* Assets.xcassets in Resources */,
				A0AB546226934D5200D0FCDB /* Main.storyboard in Resources */,
			);
			runOnlyForDeploymentPostprocessing = 0;
		};
/* End PBXResourcesBuildPhase section */

/* Begin PBXSourcesBuildPhase section */
		A0AB545326934D5200D0FCDB /* Sources */ = {
			isa = PBXSourcesBuildPhase;
			buildActionMask = 2147483647;
			files = (
				A0AB545B26934D5200D0FCDB /* AppDelegate.swift in Sources */,
				A0AB545D26934D5200D0FCDB /* SceneDelegate.swift in Sources */,
				A08D5AD2269360C80087E599 /* MemoListTableViewController.swift in Sources */,
				A0AB546526934D5200D0FCDB /* JhMemo.xcdatamodeld in Sources */,
				A08D5ACE26935E2C0087E599 /* Model.swift in Sources */,
			);
			runOnlyForDeploymentPostprocessing = 0;
		};
/* End PBXSourcesBuildPhase section */

/* Begin PBXVariantGroup section */
		A0AB546026934D5200D0FCDB /* Main.storyboard */ = {
			isa = PBXVariantGroup;
			children = (
				A0AB546126934D5200D0FCDB /* Base */,
			);
			name = Main.storyboard;
			sourceTree = "<group>";
		};
		A0AB546826934D5300D0FCDB /* LaunchScreen.storyboard */ = {
			isa = PBXVariantGroup;
			children = (
				A0AB546926934D5300D0FCDB /* Base */,
			);
			name = LaunchScreen.storyboard;
			sourceTree = "<group>";
		};
/* End PBXVariantGroup section */

/* Begin XCBuildConfiguration section */
		A0AB546C26934D5300D0FCDB /* Debug */ = {
			isa = XCBuildConfiguration;
			buildSettings = {
				ALWAYS_SEARCH_USER_PATHS = NO;
				CLANG_ANALYZER_NONNULL = YES;
				CLANG_ANALYZER_NUMBER_OBJECT_CONVERSION = YES_AGGRESSIVE;
				CLANG_CXX_LANGUAGE_STANDARD = "gnu++14";
				CLANG_CXX_LIBRARY = "libc++";
				CLANG_ENABLE_MODULES = YES;
				CLANG_ENABLE_OBJC_ARC = YES;
				CLANG_ENABLE_OBJC_WEAK = YES;
				CLANG_WARN_BLOCK_CAPTURE_AUTORELEASING = YES;
				CLANG_WARN_BOOL_CONVERSION = YES;
				CLANG_WARN_COMMA = YES;
				CLANG_WARN_CONSTANT_CONVERSION = YES;
				CLANG_WARN_DEPRECATED_OBJC_IMPLEMENTATIONS = YES;
				CLANG_WARN_DIRECT_OBJC_ISA_USAGE = YES_ERROR;
				CLANG_WARN_DOCUMENTATION_COMMENTS = YES;
				CLANG_WARN_EMPTY_BODY = YES;
				CLANG_WARN_ENUM_CONVERSION = YES;
				CLANG_WARN_INFINITE_RECURSION = YES;
				CLANG_WARN_INT_CONVERSION = YES;
				CLANG_WARN_NON_LITERAL_NULL_CONVERSION = YES;
				CLANG_WARN_OBJC_IMPLICIT_RETAIN_SELF = YES;
				CLANG_WARN_OBJC_LITERAL_CONVERSION = YES;
				CLANG_WARN_OBJC_ROOT_CLASS = YES_ERROR;
				CLANG_WARN_QUOTED_INCLUDE_IN_FRAMEWORK_HEADER = YES;
				CLANG_WARN_RANGE_LOOP_ANALYSIS = YES;
				CLANG_WARN_STRICT_PROTOTYPES = YES;
				CLANG_WARN_SUSPICIOUS_MOVE = YES;
				CLANG_WARN_UNGUARDED_AVAILABILITY = YES_AGGRESSIVE;
				CLANG_WARN_UNREACHABLE_CODE = YES;
				CLANG_WARN__DUPLICATE_METHOD_MATCH = YES;
				COPY_PHASE_STRIP = NO;
				DEBUG_INFORMATION_FORMAT = dwarf;
				ENABLE_STRICT_OBJC_MSGSEND = YES;
				ENABLE_TESTABILITY = YES;
				GCC_C_LANGUAGE_STANDARD = gnu11;
				GCC_DYNAMIC_NO_PIC = NO;
				GCC_NO_COMMON_BLOCKS = YES;
				GCC_OPTIMIZATION_LEVEL = 0;
				GCC_PREPROCESSOR_DEFINITIONS = (
					"DEBUG=1",
					"$(inherited)",
				);
				GCC_WARN_64_TO_32_BIT_CONVERSION = YES;
				GCC_WARN_ABOUT_RETURN_TYPE = YES_ERROR;
				GCC_WARN_UNDECLARED_SELECTOR = YES;
				GCC_WARN_UNINITIALIZED_AUTOS = YES_AGGRESSIVE;
				GCC_WARN_UNUSED_FUNCTION = YES;
				GCC_WARN_UNUSED_VARIABLE = YES;
				IPHONEOS_DEPLOYMENT_TARGET = 14.5;
				MTL_ENABLE_DEBUG_INFO = INCLUDE_SOURCE;
				MTL_FAST_MATH = YES;
				ONLY_ACTIVE_ARCH = YES;
				SDKROOT = iphoneos;
				SWIFT_ACTIVE_COMPILATION_CONDITIONS = DEBUG;
				SWIFT_OPTIMIZATION_LEVEL = "-Onone";
			};
			name = Debug;
		};
		A0AB546D26934D5300D0FCDB /* Release */ = {
			isa = XCBuildConfiguration;
			buildSettings = {
				ALWAYS_SEARCH_USER_PATHS = NO;
				CLANG_ANALYZER_NONNULL = YES;
				CLANG_ANALYZER_NUMBER_OBJECT_CONVERSION = YES_AGGRESSIVE;
				CLANG_CXX_LANGUAGE_STANDARD = "gnu++14";
				CLANG_CXX_LIBRARY = "libc++";
				CLANG_ENABLE_MODULES = YES;
				CLANG_ENABLE_OBJC_ARC = YES;
				CLANG_ENABLE_OBJC_WEAK = YES;
				CLANG_WARN_BLOCK_CAPTURE_AUTORELEASING = YES;
				CLANG_WARN_BOOL_CONVERSION = YES;
				CLANG_WARN_COMMA = YES;
				CLANG_WARN_CONSTANT_CONVERSION = YES;
				CLANG_WARN_DEPRECATED_OBJC_IMPLEMENTATIONS = YES;
				CLANG_WARN_DIRECT_OBJC_ISA_USAGE = YES_ERROR;
				CLANG_WARN_DOCUMENTATION_COMMENTS = YES;
				CLANG_WARN_EMPTY_BODY = YES;
				CLANG_WARN_ENUM_CONVERSION = YES;
				CLANG_WARN_INFINITE_RECURSION = YES;
				CLANG_WARN_INT_CONVERSION = YES;
				CLANG_WARN_NON_LITERAL_NULL_CONVERSION = YES;
				CLANG_WARN_OBJC_IMPLICIT_RETAIN_SELF = YES;
				CLANG_WARN_OBJC_LITERAL_CONVERSION = YES;
				CLANG_WARN_OBJC_ROOT_CLASS = YES_ERROR;
				CLANG_WARN_QUOTED_INCLUDE_IN_FRAMEWORK_HEADER = YES;
				CLANG_WARN_RANGE_LOOP_ANALYSIS = YES;
				CLANG_WARN_STRICT_PROTOTYPES = YES;
				CLANG_WARN_SUSPICIOUS_MOVE = YES;
				CLANG_WARN_UNGUARDED_AVAILABILITY = YES_AGGRESSIVE;
				CLANG_WARN_UNREACHABLE_CODE = YES;
				CLANG_WARN__DUPLICATE_METHOD_MATCH = YES;
				COPY_PHASE_STRIP = NO;
				DEBUG_INFORMATION_FORMAT = "dwarf-with-dsym";
				ENABLE_NS_ASSERTIONS = NO;
				ENABLE_STRICT_OBJC_MSGSEND = YES;
				GCC_C_LANGUAGE_STANDARD = gnu11;
				GCC_NO_COMMON_BLOCKS = YES;
				GCC_WARN_64_TO_32_BIT_CONVERSION = YES;
				GCC_WARN_ABOUT_RETURN_TYPE = YES_ERROR;
				GCC_WARN_UNDECLARED_SELECTOR = YES;
				GCC_WARN_UNINITIALIZED_AUTOS = YES_AGGRESSIVE;
				GCC_WARN_UNUSED_FUNCTION = YES;
				GCC_WARN_UNUSED_VARIABLE = YES;
				IPHONEOS_DEPLOYMENT_TARGET = 14.5;
				MTL_ENABLE_DEBUG_INFO = NO;
				MTL_FAST_MATH = YES;
				SDKROOT = iphoneos;
				SWIFT_COMPILATION_MODE = wholemodule;
				SWIFT_OPTIMIZATION_LEVEL = "-O";
				VALIDATE_PRODUCT = YES;
			};
			name = Release;
		};
		A0AB546F26934D5300D0FCDB /* Debug */ = {
			isa = XCBuildConfiguration;
			buildSettings = {
				ASSETCATALOG_COMPILER_APPICON_NAME = AppIcon;
				ASSETCATALOG_COMPILER_GLOBAL_ACCENT_COLOR_NAME = AccentColor;
				CODE_SIGN_STYLE = Automatic;
				DEVELOPMENT_TEAM = 92RVV74P3B;
				INFOPLIST_FILE = JhMemo/Info.plist;
				LD_RUNPATH_SEARCH_PATHS = (
					"$(inherited)",
					"@executable_path/Frameworks",
				);
				PRODUCT_BUNDLE_IDENTIFIER = com.jiho.JhMemo;
				PRODUCT_NAME = "$(TARGET_NAME)";
				SWIFT_VERSION = 5.0;
				TARGETED_DEVICE_FAMILY = "1,2";
			};
			name = Debug;
		};
		A0AB547026934D5300D0FCDB /* Release */ = {
			isa = XCBuildConfiguration;
			buildSettings = {
				ASSETCATALOG_COMPILER_APPICON_NAME = AppIcon;
				ASSETCATALOG_COMPILER_GLOBAL_ACCENT_COLOR_NAME = AccentColor;
				CODE_SIGN_STYLE = Automatic;
				DEVELOPMENT_TEAM = 92RVV74P3B;
				INFOPLIST_FILE = JhMemo/Info.plist;
				LD_RUNPATH_SEARCH_PATHS = (
					"$(inherited)",
					"@executable_path/Frameworks",
				);
				PRODUCT_BUNDLE_IDENTIFIER = com.jiho.JhMemo;
				PRODUCT_NAME = "$(TARGET_NAME)";
				SWIFT_VERSION = 5.0;
				TARGETED_DEVICE_FAMILY = "1,2";
			};
			name = Release;
		};
/* End XCBuildConfiguration section */

/* Begin XCConfigurationList section */
		A0AB545226934D5200D0FCDB /* Build configuration list for PBXProject "JhMemo" */ = {
			isa = XCConfigurationList;
			buildConfigurations = (
				A0AB546C26934D5300D0FCDB /* Debug */,
				A0AB546D26934D5300D0FCDB /* Release */,
			);
			defaultConfigurationIsVisible = 0;
			defaultConfigurationName = Release;
		};
		A0AB546E26934D5300D0FCDB /* Build configuration list for PBXNativeTarget "JhMemo" */ = {
			isa = XCConfigurationList;
			buildConfigurations = (
				A0AB546F26934D5300D0FCDB /* Debug */,
				A0AB547026934D5300D0FCDB /* Release */,
			);
			defaultConfigurationIsVisible = 0;
			defaultConfigurationName = Release;
		};
/* End XCConfigurationList section */

/* Begin XCVersionGroup section */
		A0AB546326934D5200D0FCDB /* JhMemo.xcdatamodeld */ = {
			isa = XCVersionGroup;
			children = (
				A0AB546426934D5200D0FCDB /* JhMemo.xcdatamodel */,
			);
			currentVersion = A0AB546426934D5200D0FCDB /* JhMemo.xcdatamodel */;
			path = JhMemo.xcdatamodeld;
			sourceTree = "<group>";
			versionGroupType = wrapper.xcdatamodel;
		};
/* End XCVersionGroup section */
	};
	rootObject = A0AB544F26934D5200D0FCDB /* Project object */;
}
